# THIS IS AN AUTOGENERATED FILE. DO NOT EDIT THIS FILE DIRECTLY.
# yarn lockfile v1
bitcore-lib:
  version "0.13.19"
  resolved "https://registry.yarnpkg.com/bitcore-lib/-/bitcore-lib-0.13.19.tgz#48af1e9bda10067c1ab16263472b5add2000f3dc"
  dependencies:
    bn.js "=2.0.4"
    bs58 "=2.0.0"
    buffer-compare "=1.0.0"
    elliptic "=3.0.3"
    inherits "=2.0.1"
    lodash "=3.10.1"

bn.js@^2.0.0:
  version "2.2.0"
  resolved "https://registry.yarnpkg.com/bn.js/-/bn.js-2.2.0.tgz#12162bc2ae71fc40a5626c33438f3a875cd37625"

bn.js@=2.0.4:
  version "2.0.4"
  resolved "https://registry.yarnpkg.com/bn.js/-/bn.js-2.0.4.tgz#220a7cd677f7f1bfa93627ff4193776fe7819480"

brorand@^1.0.1:
  version "1.0.6"
  resolved "https://registry.yarnpkg.com/brorand/-/brorand-1.0.6.tgz#4028706b915f91f7b349a2e0bf3c376039d216e5"

bs58@=2.0.0:
  version "2.0.0"
  resolved "https://registry.yarnpkg.com/bs58/-/bs58-2.0.0.tgz#72b713bed223a0ac518bbda0e3ce3f4817f39eb5"

buffer-compare@=1.0.0:
  version "1.0.0"
  resolved "https://registry.yarnpkg.com/buffer-compare/-/buffer-compare-1.0.0.tgz#acaa7a966e98eee9fae14b31c39a5f158fb3c4a2"

elliptic@=3.0.3:
  version "3.0.3"
  resolved "https://registry.yarnpkg.com/elliptic/-/elliptic-3.0.3.tgz#865c9b420bfbe55006b9f969f97a0d2c44966595"
  dependencies:
    bn.js "^2.0.0"
    brorand "^1.0.1"
    hash.js "^1.0.0"
    inherits "^2.0.1"

hash.js@^1.0.0:
  version "1.0.3"
  resolved "https://registry.yarnpkg.com/hash.js/-/hash.js-1.0.3.tgz#1332ff00156c0a0ffdd8236013d07b77a0451573"
  dependencies:
    inherits "^2.0.1"

inherits@^2.0.1:
  version "2.0.3"
  resolved "https://registry.yarnpkg.com/inherits/-/inherits-2.0.3.tgz#633c2c83e3da42a502f52466022480f4208261de"

inherits@=2.0.1:
  version "2.0.1"
  resolved "https://registry.yarnpkg.com/inherits/-/inherits-2.0.1.tgz#b17d08d326b4423e568eff719f91b0b1cbdf69f1"

lodash@=3.10.1:
  version "3.10.1"
  resolved "https://registry.yarnpkg.com/lodash/-/lodash-3.10.1.tgz#5bf45e8e49ba4189e17d482789dfd15bd140b7b6"

